{
    "name": "fhir",
    "lockfileVersion": 2,
    "requires": true,
    "packages": {
        "": {
            "dependencies": {
                "hl7.fhir.r4.core": "^4.0.1",
                "hl7.fhir.us.carin-bb": "^1.1.0",
                "hl7.fhir.us.core": "3.1.1",
                "hl7.fhir.us.davinci-pdex": "^1.0.0",
                "hl7.fhir.us.davinci-pdex-plan-net": "^1.0.0",
                "hl7.fhir.us.mcode": "^1.16.0"
            }
        },
        "node_modules/hl7.fhir.r4.core": {
            "version": "4.0.1",
            "resolved": "https://packages.simplifier.net/hl7.fhir.r4.core/4.0.1",
            "integrity": "sha1-DkuNmfeRhYdVdoLItH32BUJFR6U="
        },
        "node_modules/hl7.fhir.us.carin-bb": {
            "version": "1.1.0",
            "resolved": "https://packages.simplifier.net/hl7.fhir.us.carin-bb/1.1.0",
            "integrity": "sha1-D5FL6u3pod8hmx7l4iAHKvMGqvI="
        },
        "node_modules/hl7.fhir.us.core": {
            "version": "3.1.1",
            "resolved": "https://packages.simplifier.net/hl7.fhir.us.core/3.1.1"
        },
        "node_modules/hl7.fhir.us.davinci-pdex": {
            "version": "1.0.0",
            "resolved": "https://packages.simplifier.net/hl7.fhir.us.davinci-pdex/1.0.0"
        },
        "node_modules/hl7.fhir.us.davinci-pdex-plan-net": {
            "version": "1.0.0",
            "resolved": "https://packages.simplifier.net/hl7.fhir.us.davinci-pdex-plan-net/1.0.0"
        },
        "node_modules/hl7.fhir.us.mcode": {
            "version": "1.16.0",
            "resolved": "https://packages.simplifier.net/hl7.fhir.us.mcode/1.16.0",
            "integrity": "sha1-OwpatCIsziGNn+xOsCGPUH2JC2U="
        }
    },
    "dependencies": {
        "hl7.fhir.r4.core": {
            "version": "4.0.1",
            "resolved": "https://packages.simplifier.net/hl7.fhir.r4.core/4.0.1",
            "integrity": "sha1-DkuNmfeRhYdVdoLItH32BUJFR6U="
        },
        "hl7.fhir.us.carin-bb": {
            "version": "1.1.0",
            "resolved": "https://packages.simplifier.net/hl7.fhir.us.carin-bb/1.1.0",
            "integrity": "sha1-D5FL6u3pod8hmx7l4iAHKvMGqvI="
        },
        "hl7.fhir.us.core": {
            "version": "3.1.1",
            "resolved": "https://packages.simplifier.net/hl7.fhir.us.core/3.1.1"
        },
        "hl7.fhir.us.davinci-pdex": {
            "version": "1.0.0",
            "resolved": "https://packages.simplifier.net/hl7.fhir.us.davinci-pdex/1.0.0"
        },
        "hl7.fhir.us.davinci-pdex-plan-net": {
            "version": "1.0.0",
            "resolved": "https://packages.simplifier.net/hl7.fhir.us.davinci-pdex-plan-net/1.0.0"
        },
        "hl7.fhir.us.mcode": {
            "version": "1.16.0",
            "resolved": "https://packages.simplifier.net/hl7.fhir.us.mcode/1.16.0",
            "integrity": "sha1-OwpatCIsziGNn+xOsCGPUH2JC2U="
        }
    }
}
